// !$*UTF8*$!
{
	archiveVersion = 1;
	classes = {
	};
	objectVersion = 63;
	objects = {

/* Begin PBXBuildFile section */
		03FCBA872F257FAB0040F3D7 /* Localizable.strings in Resources */ = {isa = PBXBuildFile; fileRef = 03FCBA832F257FAB0040F3D7 /* Localizable.strings */; };
		03FCBA882F257FAB0040F3D7 /* PrivacyInfo.xcprivacy in Resources */ = {isa = PBXBuildFile; fileRef = 03FCBA852F257FAB0040F3D7 /* PrivacyInfo.xcprivacy */; };
		03FCBA892F257FAB0040F3D7 /* Assets.xcassets in Resources */ = {isa = PBXBuildFile; fileRef = 03FCBA812F257FAB0040F3D7 /* Assets.xcassets */; };
		03FCBA8A2F257FAB0040F3D7 /* LostInTranslations.icon in Resources */ = {isa = PBXBuildFile; fileRef = 03FCBA842F257FAB0040F3D7 /* LostInTranslations.icon */; };
		0C9C3704EB59C856B18D825D /* TaskSpec.swift in Sources */ = {isa = PBXBuildFile; fileRef = 6B1AC5DBB67B26817D99770B /* TaskSpec.swift */; };
		12CB0D61BF3996ED32284A9E /* OpenAIClient.swift in Sources */ = {isa = PBXBuildFile; fileRef = 5758E9D9C11F14E412ADF480 /* OpenAIClient.swift */; };
		16FEC3358C4D0C544C591F02 /* StatusBadge.swift in Sources */ = {isa = PBXBuildFile; fileRef = 018C952BC3E01C0C5AC04705 /* StatusBadge.swift */; };
		196CA5C7096B2E0D2E961D09 /* Models.swift in Sources */ = {isa = PBXBuildFile; fileRef = 9DED281DD311ADE707BFE8BD /* Models.swift */; };
		1FC038AC401E8AA5D2E369AF /* HistoryEntry.swift in Sources */ = {isa = PBXBuildFile; fileRef = C0700763CC52B3C27812086D /* HistoryEntry.swift */; };
		2ABB0FE070C1D1E78A8547C4 /* TaskRunner.swift in Sources */ = {isa = PBXBuildFile; fileRef = 07F45BD86FCAF3BCD03DF657 /* TaskRunner.swift */; };
		2B4D1AB857431F2E85C3EAEC /* LostInTranslationsTests.swift in Sources */ = {isa = PBXBuildFile; fileRef = 8C88337D57522BD01DFB1EAB /* LostInTranslationsTests.swift */; };
		2B4D80B42B81EDAB303156FC /* KeychainStore.swift in Sources */ = {isa = PBXBuildFile; fileRef = 6A482FC515D26DE91B61B74F /* KeychainStore.swift */; };
		2F5924D81C12DB6B6E0706E8 /* GeminiClient.swift in Sources */ = {isa = PBXBuildFile; fileRef = 190CA6E5935BF14DB8317F6A /* GeminiClient.swift */; };
		38D55A366E083D0883B5749E /* ProviderClientProtocol.swift in Sources */ = {isa = PBXBuildFile; fileRef = 48ECA2ACFC7A2DD180EA31AE /* ProviderClientProtocol.swift */; };
		3E01EEFAA1A40780F6914A6D /* ClaudeAPIConstants.swift in Sources */ = {isa = PBXBuildFile; fileRef = 03D0BF9BF8D504477DD0FEB7 /* ClaudeAPIConstants.swift */; };
		3E35A69C03BEC7CDF5A56984 /* AIPrompts.swift in Sources */ = {isa = PBXBuildFile; fileRef = AAC15F18B9DA0ED051269D52 /* AIPrompts.swift */; };
		403352595FAE7E39D85E0C48 /* ConsentFlowView.swift in Sources */ = {isa = PBXBuildFile; fileRef = 19B3DFB438EE0430AAA9BB4A /* ConsentFlowView.swift */; };
		54AF026C198284F142CE6B26 /* GeminiModels.swift in Sources */ = {isa = PBXBuildFile; fileRef = A74543479B76BAD2C5BAC1AC /* GeminiModels.swift */; };
		68015AFB53F1EB5F1F77C03C /* TaskSpecBuilder.swift in Sources */ = {isa = PBXBuildFile; fileRef = 94DEF8CCEF97E4B251FF506B /* TaskSpecBuilder.swift */; };
		78EF45EA9826B02031BE1A12 /* LostInTranslationsApp.swift in Sources */ = {isa = PBXBuildFile; fileRef = 03F38928111B5BE6FC4810F1 /* LostInTranslationsApp.swift */; };
		798B0E294DDA631D41FBA02E /* MainViewModel.swift in Sources */ = {isa = PBXBuildFile; fileRef = 51679A96886468D8652A79D3 /* MainViewModel.swift */; };
		91E9F880954DA4C4401886C1 /* ProviderError.swift in Sources */ = {isa = PBXBuildFile; fileRef = 223C3779C8866BFAA136CEB3 /* ProviderError.swift */; };
		984E0A712EA07365600F56FC /* ModelCatalog.swift in Sources */ = {isa = PBXBuildFile; fileRef = C42025841F45EEE5F2DAFCA4 /* ModelCatalog.swift */; };
		9FD2F49A47314C921F9ED034 /* MockProviderClient.swift in Sources */ = {isa = PBXBuildFile; fileRef = B39D7DDE5699A8788750F730 /* MockProviderClient.swift */; };
		A2FAC4EBC314F238749D6709 /* ModelCatalogConstants.swift in Sources */ = {isa = PBXBuildFile; fileRef = E1ED3FB69A03245EDD973E30 /* ModelCatalogConstants.swift */; };
		A6EFD4731653E9FCC37E906E /* SettingsView.swift in Sources */ = {isa = PBXBuildFile; fileRef = 2EBFAD9955216C352AC3DCA9 /* SettingsView.swift */; };
		AE675706DC61F5BD2BB9F6FF /* ProviderRetryPolicy.swift in Sources */ = {isa = PBXBuildFile; fileRef = 279C492E22991FB3A942AB78 /* ProviderRetryPolicy.swift */; };
		B226E79D7C8C5DF22FA233B0 /* AppConstants.swift in Sources */ = {isa = PBXBuildFile; fileRef = D7FEC9B0B066F9D03D3AFBFE /* AppConstants.swift */; };
		B56DF6E97A673DD2F4B6091D /* ResponseParserTests.swift in Sources */ = {isa = PBXBuildFile; fileRef = B83A6A98270763C126AF4D9E /* ResponseParserTests.swift */; };
		B5D80A75B92A549285032B04 /* DiagnosticsView.swift in Sources */ = {isa = PBXBuildFile; fileRef = 45EC1EEC59CDDC51A49FE84D /* DiagnosticsView.swift */; };
		B867B7B062B7144E86315F1B /* HistoryStore.swift in Sources */ = {isa = PBXBuildFile; fileRef = EBBB5F5EDC359A1430FA4581 /* HistoryStore.swift */; };
		BDBDDBAD4CEC8460379A07C4 /* ClaudeModels.swift in Sources */ = {isa = PBXBuildFile; fileRef = 9C5BAA2820689BF2E947220F /* ClaudeModels.swift */; };
		C6ABECDDDD2892DB048FC855 /* ResponseParser.swift in Sources */ = {isa = PBXBuildFile; fileRef = E40389E4DB5C476422DDCA58 /* ResponseParser.swift */; };
		C8E25AFE33F96D51E5738600 /* OpenAIModels.swift in Sources */ = {isa = PBXBuildFile; fileRef = F1FA585B39144169C75240AE /* OpenAIModels.swift */; };
		CFD80538A19AAE73CADA43E8 /* MainViewModel+History.swift in Sources */ = {isa = PBXBuildFile; fileRef = C882FA677FF688BA176B9AC2 /* MainViewModel+History.swift */; };
		CFECAEA17DDA8133D095FC71 /* ClaudeClient.swift in Sources */ = {isa = PBXBuildFile; fileRef = 11AF4D5360591AA9774FF2C1 /* ClaudeClient.swift */; };
		D8F758227058C2485EBA3DA8 /* MenuBarContentView.swift in Sources */ = {isa = PBXBuildFile; fileRef = 4BE363F30EB4A42AD0DE7BD5 /* MenuBarContentView.swift */; };
		D9336F934C548A7D94D3B360 /* OpenAIAPIConstants.swift in Sources */ = {isa = PBXBuildFile; fileRef = DF96CD90B5509836AB90A420 /* OpenAIAPIConstants.swift */; };
		E6D081F28AB899DC1F0FAF4F /* MenuBarContentView+Preview.swift in Sources */ = {isa = PBXBuildFile; fileRef = CC4856B1D7E11A29E25D444F /* MenuBarContentView+Preview.swift */; };
		FDA03CBA392696C7EBCC9912 /* GeminiAPIConstants.swift in Sources */ = {isa = PBXBuildFile; fileRef = 67B9D3DF3622B01196C27173 /* GeminiAPIConstants.swift */; };
/* End PBXBuildFile section */

/* Begin PBXContainerItemProxy section */
		065ABB2972F7EEF56A08B27B /* PBXContainerItemProxy */ = {
			isa = PBXContainerItemProxy;
			containerPortal = F32E29CA204D8A4970DB8BF2 /* Project object */;
			proxyType = 1;
			remoteGlobalIDString = 3032858A124BC411CD8546F3;
			remoteInfo = LostInTranslations;
		};
/* End PBXContainerItemProxy section */

/* Begin PBXFileReference section */
		018C952BC3E01C0C5AC04705 /* StatusBadge.swift */ = {isa = PBXFileReference; lastKnownFileType = sourcecode.swift; path = StatusBadge.swift; sourceTree = "<group>"; };
		02EF98D995CC85E3B0BD5670 /* Info.plist */ = {isa = PBXFileReference; lastKnownFileType = text.plist; path = Info.plist; sourceTree = "<group>"; };
		03D0BF9BF8D504477DD0FEB7 /* ClaudeAPIConstants.swift */ = {isa = PBXFileReference; lastKnownFileType = sourcecode.swift; path = ClaudeAPIConstants.swift; sourceTree = "<group>"; };
		03F38928111B5BE6FC4810F1 /* LostInTranslationsApp.swift */ = {isa = PBXFileReference; lastKnownFileType = sourcecode.swift; path = LostInTranslationsApp.swift; sourceTree = "<group>"; };
		03FCBA812F257FAB0040F3D7 /* Assets.xcassets */ = {isa = PBXFileReference; lastKnownFileType = folder.assetcatalog; path = Assets.xcassets; sourceTree = "<group>"; };
		03FCBA822F257FAB0040F3D7 /* en */ = {isa = PBXFileReference; lastKnownFileType = text.plist.strings; name = en; path = en.lproj/Localizable.strings; sourceTree = "<group>"; };
		03FCBA842F257FAB0040F3D7 /* LostInTranslations.icon */ = {isa = PBXFileReference; lastKnownFileType = folder.iconcomposer.icon; path = LostInTranslations.icon; sourceTree = "<group>"; };
		03FCBA852F257FAB0040F3D7 /* PrivacyInfo.xcprivacy */ = {isa = PBXFileReference; lastKnownFileType = text.xml; path = PrivacyInfo.xcprivacy; sourceTree = "<group>"; };
		07F45BD86FCAF3BCD03DF657 /* TaskRunner.swift */ = {isa = PBXFileReference; lastKnownFileType = sourcecode.swift; path = TaskRunner.swift; sourceTree = "<group>"; };
		11AF4D5360591AA9774FF2C1 /* ClaudeClient.swift */ = {isa = PBXFileReference; lastKnownFileType = sourcecode.swift; path = ClaudeClient.swift; sourceTree = "<group>"; };
		190CA6E5935BF14DB8317F6A /* GeminiClient.swift */ = {isa = PBXFileReference; lastKnownFileType = sourcecode.swift; path = GeminiClient.swift; sourceTree = "<group>"; };
		19B3DFB438EE0430AAA9BB4A /* ConsentFlowView.swift */ = {isa = PBXFileReference; lastKnownFileType = sourcecode.swift; path = ConsentFlowView.swift; sourceTree = "<group>"; };
		223C3779C8866BFAA136CEB3 /* ProviderError.swift */ = {isa = PBXFileReference; lastKnownFileType = sourcecode.swift; path = ProviderError.swift; sourceTree = "<group>"; };
		279C492E22991FB3A942AB78 /* ProviderRetryPolicy.swift */ = {isa = PBXFileReference; lastKnownFileType = sourcecode.swift; path = ProviderRetryPolicy.swift; sourceTree = "<group>"; };
		2EBFAD9955216C352AC3DCA9 /* SettingsView.swift */ = {isa = PBXFileReference; lastKnownFileType = sourcecode.swift; path = SettingsView.swift; sourceTree = "<group>"; };
		45EC1EEC59CDDC51A49FE84D /* DiagnosticsView.swift */ = {isa = PBXFileReference; lastKnownFileType = sourcecode.swift; path = DiagnosticsView.swift; sourceTree = "<group>"; };
		48ECA2ACFC7A2DD180EA31AE /* ProviderClientProtocol.swift */ = {isa = PBXFileReference; lastKnownFileType = sourcecode.swift; path = ProviderClientProtocol.swift; sourceTree = "<group>"; };
		4BE363F30EB4A42AD0DE7BD5 /* MenuBarContentView.swift */ = {isa = PBXFileReference; lastKnownFileType = sourcecode.swift; path = MenuBarContentView.swift; sourceTree = "<group>"; };
		51679A96886468D8652A79D3 /* MainViewModel.swift */ = {isa = PBXFileReference; lastKnownFileType = sourcecode.swift; path = MainViewModel.swift; sourceTree = "<group>"; };
		538912C73120B40DE7E27F16 /* LostInTranslations.app */ = {isa = PBXFileReference; explicitFileType = wrapper.application; includeInIndex = 0; path = LostInTranslations.app; sourceTree = BUILT_PRODUCTS_DIR; };
		5758E9D9C11F14E412ADF480 /* OpenAIClient.swift */ = {isa = PBXFileReference; lastKnownFileType = sourcecode.swift; path = OpenAIClient.swift; sourceTree = "<group>"; };
		61906A770E8D2F8DB5E801A0 /* LostInTranslations.entitlements */ = {isa = PBXFileReference; lastKnownFileType = text.plist.entitlements; path = LostInTranslations.entitlements; sourceTree = "<group>"; };
		67B9D3DF3622B01196C27173 /* GeminiAPIConstants.swift */ = {isa = PBXFileReference; lastKnownFileType = sourcecode.swift; path = GeminiAPIConstants.swift; sourceTree = "<group>"; };
		6A482FC515D26DE91B61B74F /* KeychainStore.swift */ = {isa = PBXFileReference; lastKnownFileType = sourcecode.swift; path = KeychainStore.swift; sourceTree = "<group>"; };
		6B1AC5DBB67B26817D99770B /* TaskSpec.swift */ = {isa = PBXFileReference; lastKnownFileType = sourcecode.swift; path = TaskSpec.swift; sourceTree = "<group>"; };
		8C88337D57522BD01DFB1EAB /* LostInTranslationsTests.swift */ = {isa = PBXFileReference; lastKnownFileType = sourcecode.swift; path = LostInTranslationsTests.swift; sourceTree = "<group>"; };
		94DEF8CCEF97E4B251FF506B /* TaskSpecBuilder.swift */ = {isa = PBXFileReference; lastKnownFileType = sourcecode.swift; path = TaskSpecBuilder.swift; sourceTree = "<group>"; };
		9C5BAA2820689BF2E947220F /* ClaudeModels.swift */ = {isa = PBXFileReference; lastKnownFileType = sourcecode.swift; path = ClaudeModels.swift; sourceTree = "<group>"; };
		9DED281DD311ADE707BFE8BD /* Models.swift */ = {isa = PBXFileReference; lastKnownFileType = sourcecode.swift; path = Models.swift; sourceTree = "<group>"; };
		9F692615877CAFAEF915D322 /* LostInTranslationsTests.xctest */ = {isa = PBXFileReference; explicitFileType = wrapper.cfbundle; includeInIndex = 0; path = LostInTranslationsTests.xctest; sourceTree = BUILT_PRODUCTS_DIR; };
		A74543479B76BAD2C5BAC1AC /* GeminiModels.swift */ = {isa = PBXFileReference; lastKnownFileType = sourcecode.swift; path = GeminiModels.swift; sourceTree = "<group>"; };
		AAC15F18B9DA0ED051269D52 /* AIPrompts.swift */ = {isa = PBXFileReference; lastKnownFileType = sourcecode.swift; path = AIPrompts.swift; sourceTree = "<group>"; };
		B39D7DDE5699A8788750F730 /* MockProviderClient.swift */ = {isa = PBXFileReference; lastKnownFileType = sourcecode.swift; path = MockProviderClient.swift; sourceTree = "<group>"; };
		B83A6A98270763C126AF4D9E /* ResponseParserTests.swift */ = {isa = PBXFileReference; lastKnownFileType = sourcecode.swift; path = ResponseParserTests.swift; sourceTree = "<group>"; };
		C0700763CC52B3C27812086D /* HistoryEntry.swift */ = {isa = PBXFileReference; lastKnownFileType = sourcecode.swift; path = HistoryEntry.swift; sourceTree = "<group>"; };
		C42025841F45EEE5F2DAFCA4 /* ModelCatalog.swift */ = {isa = PBXFileReference; lastKnownFileType = sourcecode.swift; path = ModelCatalog.swift; sourceTree = "<group>"; };
		C882FA677FF688BA176B9AC2 /* MainViewModel+History.swift */ = {isa = PBXFileReference; lastKnownFileType = sourcecode.swift; path = "MainViewModel+History.swift"; sourceTree = "<group>"; };
		CC4856B1D7E11A29E25D444F /* MenuBarContentView+Preview.swift */ = {isa = PBXFileReference; lastKnownFileType = sourcecode.swift; path = "MenuBarContentView+Preview.swift"; sourceTree = "<group>"; };
		D7FEC9B0B066F9D03D3AFBFE /* AppConstants.swift */ = {isa = PBXFileReference; lastKnownFileType = sourcecode.swift; path = AppConstants.swift; sourceTree = "<group>"; };
		DF96CD90B5509836AB90A420 /* OpenAIAPIConstants.swift */ = {isa = PBXFileReference; lastKnownFileType = sourcecode.swift; path = OpenAIAPIConstants.swift; sourceTree = "<group>"; };
		E1ED3FB69A03245EDD973E30 /* ModelCatalogConstants.swift */ = {isa = PBXFileReference; lastKnownFileType = sourcecode.swift; path = ModelCatalogConstants.swift; sourceTree = "<group>"; };
		E40389E4DB5C476422DDCA58 /* ResponseParser.swift */ = {isa = PBXFileReference; lastKnownFileType = sourcecode.swift; path = ResponseParser.swift; sourceTree = "<group>"; };
		EBBB5F5EDC359A1430FA4581 /* HistoryStore.swift */ = {isa = PBXFileReference; lastKnownFileType = sourcecode.swift; path = HistoryStore.swift; sourceTree = "<group>"; };
		F1FA585B39144169C75240AE /* OpenAIModels.swift */ = {isa = PBXFileReference; lastKnownFileType = sourcecode.swift; path = OpenAIModels.swift; sourceTree = "<group>"; };
/* End PBXFileReference section */

/* Begin PBXGroup section */
		03FCBA862F257FAB0040F3D7 /* Resources */ = {
			isa = PBXGroup;
			children = (
				03FCBA812F257FAB0040F3D7 /* Assets.xcassets */,
				03FCBA832F257FAB0040F3D7 /* Localizable.strings */,
				03FCBA842F257FAB0040F3D7 /* LostInTranslations.icon */,
				03FCBA852F257FAB0040F3D7 /* PrivacyInfo.xcprivacy */,
			);
			path = Resources;
			sourceTree = "<group>";
		};
		1BC4AC6E48290F0CFF9FD07B /* LostInTranslations */ = {
			isa = PBXGroup;
			children = (
				02EF98D995CC85E3B0BD5670 /* Info.plist */,
				61906A770E8D2F8DB5E801A0 /* LostInTranslations.entitlements */,
				EF9811D856ACEA671C1684A9 /* App */,
				B30832D9B936E6D3817AA34A /* Models */,
				E4F052BF8A1572BC33C546E5 /* ModelViews */,
				D494560DE9D9C59B7888E2A8 /* Services */,
				649ED977CFD8DC9C68ED5A53 /* Views */,
				03FCBA862F257FAB0040F3D7 /* Resources */,
			);
			path = LostInTranslations;
			sourceTree = "<group>";
		};
		3329F6421FED378A4262A33A /* OpenAI */ = {
			isa = PBXGroup;
			children = (
				DF96CD90B5509836AB90A420 /* OpenAIAPIConstants.swift */,
				5758E9D9C11F14E412ADF480 /* OpenAIClient.swift */,
				F1FA585B39144169C75240AE /* OpenAIModels.swift */,
			);
			path = OpenAI;
			sourceTree = "<group>";
		};
		639467A9C0699A26691C1F64 /* Gemini */ = {
			isa = PBXGroup;
			children = (
				67B9D3DF3622B01196C27173 /* GeminiAPIConstants.swift */,
				190CA6E5935BF14DB8317F6A /* GeminiClient.swift */,
				A74543479B76BAD2C5BAC1AC /* GeminiModels.swift */,
			);
			path = Gemini;
			sourceTree = "<group>";
		};
		649ED977CFD8DC9C68ED5A53 /* Views */ = {
			isa = PBXGroup;
			children = (
				19B3DFB438EE0430AAA9BB4A /* ConsentFlowView.swift */,
				45EC1EEC59CDDC51A49FE84D /* DiagnosticsView.swift */,
				4BE363F30EB4A42AD0DE7BD5 /* MenuBarContentView.swift */,
				CC4856B1D7E11A29E25D444F /* MenuBarContentView+Preview.swift */,
				2EBFAD9955216C352AC3DCA9 /* SettingsView.swift */,
				018C952BC3E01C0C5AC04705 /* StatusBadge.swift */,
			);
			path = Views;
			sourceTree = "<group>";
		};
		8DF2F1917F5F4AF4FCDCAA5C /* Shared */ = {
			isa = PBXGroup;
			children = (
				48ECA2ACFC7A2DD180EA31AE /* ProviderClientProtocol.swift */,
				279C492E22991FB3A942AB78 /* ProviderRetryPolicy.swift */,
			);
			path = Shared;
			sourceTree = "<group>";
		};
		98D62A9E6C51EF39FC7C8C8B /* LostInTranslationsTests */ = {
			isa = PBXGroup;
			children = (
				8C88337D57522BD01DFB1EAB /* LostInTranslationsTests.swift */,
				B83A6A98270763C126AF4D9E /* ResponseParserTests.swift */,
			);
			path = LostInTranslationsTests;
			sourceTree = "<group>";
		};
		A0E9C4EA9A7712172035F40A = {
			isa = PBXGroup;
			children = (
				1BC4AC6E48290F0CFF9FD07B /* LostInTranslations */,
				98D62A9E6C51EF39FC7C8C8B /* LostInTranslationsTests */,
				F968902898A7A226BF76D628 /* Products */,
			);
			sourceTree = "<group>";
		};
		B30832D9B936E6D3817AA34A /* Models */ = {
			isa = PBXGroup;
			children = (
				C0700763CC52B3C27812086D /* HistoryEntry.swift */,
				C42025841F45EEE5F2DAFCA4 /* ModelCatalog.swift */,
				E1ED3FB69A03245EDD973E30 /* ModelCatalogConstants.swift */,
				9DED281DD311ADE707BFE8BD /* Models.swift */,
				223C3779C8866BFAA136CEB3 /* ProviderError.swift */,
				6B1AC5DBB67B26817D99770B /* TaskSpec.swift */,
			);
			path = Models;
			sourceTree = "<group>";
		};
		C086C660422EC7FDA1639716 /* Claude */ = {
			isa = PBXGroup;
			children = (
				03D0BF9BF8D504477DD0FEB7 /* ClaudeAPIConstants.swift */,
				11AF4D5360591AA9774FF2C1 /* ClaudeClient.swift */,
				9C5BAA2820689BF2E947220F /* ClaudeModels.swift */,
			);
			path = Claude;
			sourceTree = "<group>";
		};
		C2FAEE81C45633D9AFFB8654 /* Mock */ = {
			isa = PBXGroup;
			children = (
				B39D7DDE5699A8788750F730 /* MockProviderClient.swift */,
			);
			path = Mock;
			sourceTree = "<group>";
		};
		D494560DE9D9C59B7888E2A8 /* Services */ = {
			isa = PBXGroup;
			children = (
				AAC15F18B9DA0ED051269D52 /* AIPrompts.swift */,
				EBBB5F5EDC359A1430FA4581 /* HistoryStore.swift */,
				6A482FC515D26DE91B61B74F /* KeychainStore.swift */,
				E40389E4DB5C476422DDCA58 /* ResponseParser.swift */,
				07F45BD86FCAF3BCD03DF657 /* TaskRunner.swift */,
				94DEF8CCEF97E4B251FF506B /* TaskSpecBuilder.swift */,
				FB15B860CD5FBF5500FF868F /* Providers */,
			);
			path = Services;
			sourceTree = "<group>";
		};
		E4F052BF8A1572BC33C546E5 /* ModelViews */ = {
			isa = PBXGroup;
			children = (
				51679A96886468D8652A79D3 /* MainViewModel.swift */,
				C882FA677FF688BA176B9AC2 /* MainViewModel+History.swift */,
			);
			path = ModelViews;
			sourceTree = "<group>";
		};
		EF9811D856ACEA671C1684A9 /* App */ = {
			isa = PBXGroup;
			children = (
				D7FEC9B0B066F9D03D3AFBFE /* AppConstants.swift */,
				03F38928111B5BE6FC4810F1 /* LostInTranslationsApp.swift */,
			);
			path = App;
			sourceTree = "<group>";
		};
		F968902898A7A226BF76D628 /* Products */ = {
			isa = PBXGroup;
			children = (
				538912C73120B40DE7E27F16 /* LostInTranslations.app */,
				9F692615877CAFAEF915D322 /* LostInTranslationsTests.xctest */,
			);
			name = Products;
			sourceTree = "<group>";
		};
		FB15B860CD5FBF5500FF868F /* Providers */ = {
			isa = PBXGroup;
			children = (
				C086C660422EC7FDA1639716 /* Claude */,
				639467A9C0699A26691C1F64 /* Gemini */,
				C2FAEE81C45633D9AFFB8654 /* Mock */,
				3329F6421FED378A4262A33A /* OpenAI */,
				8DF2F1917F5F4AF4FCDCAA5C /* Shared */,
			);
			path = Providers;
			sourceTree = "<group>";
		};
/* End PBXGroup section */

/* Begin PBXNativeTarget section */
		3032858A124BC411CD8546F3 /* LostInTranslations */ = {
			isa = PBXNativeTarget;
			buildConfigurationList = C25667758D17A96DD44E95FE /* Build configuration list for PBXNativeTarget "LostInTranslations" */;
			buildPhases = (
				5BFBE15C73B112B59FB7C616 /* Sources */,
				3F09BD7D54C42554867299D8 /* Resources */,
			);
			buildRules = (
			);
			dependencies = (
			);
			name = LostInTranslations;
			packageProductDependencies = (
			);
			productName = LostInTranslations;
			productReference = 538912C73120B40DE7E27F16 /* LostInTranslations.app */;
			productType = "com.apple.product-type.application";
		};
		8BCE66A25F1BDA2809D8D097 /* LostInTranslationsTests */ = {
			isa = PBXNativeTarget;
			buildConfigurationList = 250CB0350E8CCED0AE1524D6 /* Build configuration list for PBXNativeTarget "LostInTranslationsTests" */;
			buildPhases = (
				CDA3BEDB34AEF76026AC01AA /* Sources */,
			);
			buildRules = (
			);
			dependencies = (
				18597EA2E3A34511D1BF78C9 /* PBXTargetDependency */,
			);
			name = LostInTranslationsTests;
			packageProductDependencies = (
			);
			productName = LostInTranslationsTests;
			productReference = 9F692615877CAFAEF915D322 /* LostInTranslationsTests.xctest */;
			productType = "com.apple.product-type.bundle.unit-test";
		};
/* End PBXNativeTarget section */

/* Begin PBXProject section */
		F32E29CA204D8A4970DB8BF2 /* Project object */ = {
			isa = PBXProject;
			attributes = {
				BuildIndependentTargetsInParallel = YES;
				LastUpgradeCheck = 2620;
				TargetAttributes = {
					3032858A124BC411CD8546F3 = {
						DevelopmentTeam = FWXSV2MP8Z;
						ProvisioningStyle = Automatic;
					};
				};
			};
			buildConfigurationList = F5B8DA679E11A08B89C127F7 /* Build configuration list for PBXProject "LostInTranslations" */;
			compatibilityVersion = "Xcode 14.0";
			developmentRegion = en;
			hasScannedForEncodings = 0;
			knownRegions = (
				Base,
				en,
			);
			mainGroup = A0E9C4EA9A7712172035F40A;
			minimizedProjectReferenceProxies = 1;
			projectDirPath = "";
			projectRoot = "";
			targets = (
				3032858A124BC411CD8546F3 /* LostInTranslations */,
				8BCE66A25F1BDA2809D8D097 /* LostInTranslationsTests */,
			);
		};
/* End PBXProject section */

/* Begin PBXResourcesBuildPhase section */
		3F09BD7D54C42554867299D8 /* Resources */ = {
			isa = PBXResourcesBuildPhase;
			buildActionMask = 2147483647;
			files = (
				03FCBA872F257FAB0040F3D7 /* Localizable.strings in Resources */,
				03FCBA882F257FAB0040F3D7 /* PrivacyInfo.xcprivacy in Resources */,
				03FCBA892F257FAB0040F3D7 /* Assets.xcassets in Resources */,
				03FCBA8A2F257FAB0040F3D7 /* LostInTranslations.icon in Resources */,
			);
			runOnlyForDeploymentPostprocessing = 0;
		};
/* End PBXResourcesBuildPhase section */

/* Begin PBXSourcesBuildPhase section */
		5BFBE15C73B112B59FB7C616 /* Sources */ = {
			isa = PBXSourcesBuildPhase;
			buildActionMask = 2147483647;
			files = (
				3E35A69C03BEC7CDF5A56984 /* AIPrompts.swift in Sources */,
				B226E79D7C8C5DF22FA233B0 /* AppConstants.swift in Sources */,
				3E01EEFAA1A40780F6914A6D /* ClaudeAPIConstants.swift in Sources */,
				CFECAEA17DDA8133D095FC71 /* ClaudeClient.swift in Sources */,
				BDBDDBAD4CEC8460379A07C4 /* ClaudeModels.swift in Sources */,
				403352595FAE7E39D85E0C48 /* ConsentFlowView.swift in Sources */,
				B5D80A75B92A549285032B04 /* DiagnosticsView.swift in Sources */,
				FDA03CBA392696C7EBCC9912 /* GeminiAPIConstants.swift in Sources */,
				2F5924D81C12DB6B6E0706E8 /* GeminiClient.swift in Sources */,
				54AF026C198284F142CE6B26 /* GeminiModels.swift in Sources */,
				1FC038AC401E8AA5D2E369AF /* HistoryEntry.swift in Sources */,
				B867B7B062B7144E86315F1B /* HistoryStore.swift in Sources */,
				2B4D80B42B81EDAB303156FC /* KeychainStore.swift in Sources */,
				78EF45EA9826B02031BE1A12 /* LostInTranslationsApp.swift in Sources */,
				CFD80538A19AAE73CADA43E8 /* MainViewModel+History.swift in Sources */,
				798B0E294DDA631D41FBA02E /* MainViewModel.swift in Sources */,
				E6D081F28AB899DC1F0FAF4F /* MenuBarContentView+Preview.swift in Sources */,
				D8F758227058C2485EBA3DA8 /* MenuBarContentView.swift in Sources */,
				9FD2F49A47314C921F9ED034 /* MockProviderClient.swift in Sources */,
				984E0A712EA07365600F56FC /* ModelCatalog.swift in Sources */,
				A2FAC4EBC314F238749D6709 /* ModelCatalogConstants.swift in Sources */,
				196CA5C7096B2E0D2E961D09 /* Models.swift in Sources */,
				D9336F934C548A7D94D3B360 /* OpenAIAPIConstants.swift in Sources */,
				12CB0D61BF3996ED32284A9E /* OpenAIClient.swift in Sources */,
				C8E25AFE33F96D51E5738600 /* OpenAIModels.swift in Sources */,
				38D55A366E083D0883B5749E /* ProviderClientProtocol.swift in Sources */,
				91E9F880954DA4C4401886C1 /* ProviderError.swift in Sources */,
				AE675706DC61F5BD2BB9F6FF /* ProviderRetryPolicy.swift in Sources */,
				C6ABECDDDD2892DB048FC855 /* ResponseParser.swift in Sources */,
				A6EFD4731653E9FCC37E906E /* SettingsView.swift in Sources */,
				16FEC3358C4D0C544C591F02 /* StatusBadge.swift in Sources */,
				2ABB0FE070C1D1E78A8547C4 /* TaskRunner.swift in Sources */,
				0C9C3704EB59C856B18D825D /* TaskSpec.swift in Sources */,
				68015AFB53F1EB5F1F77C03C /* TaskSpecBuilder.swift in Sources */,
			);
			runOnlyForDeploymentPostprocessing = 0;
		};
		CDA3BEDB34AEF76026AC01AA /* Sources */ = {
			isa = PBXSourcesBuildPhase;
			buildActionMask = 2147483647;
			files = (
				2B4D1AB857431F2E85C3EAEC /* LostInTranslationsTests.swift in Sources */,
				B56DF6E97A673DD2F4B6091D /* ResponseParserTests.swift in Sources */,
			);
			runOnlyForDeploymentPostprocessing = 0;
		};
/* End PBXSourcesBuildPhase section */

/* Begin PBXTargetDependency section */
		18597EA2E3A34511D1BF78C9 /* PBXTargetDependency */ = {
			isa = PBXTargetDependency;
			target = 3032858A124BC411CD8546F3 /* LostInTranslations */;
			targetProxy = 065ABB2972F7EEF56A08B27B /* PBXContainerItemProxy */;
		};
/* End PBXTargetDependency section */

/* Begin PBXVariantGroup section */
		03FCBA832F257FAB0040F3D7 /* Localizable.strings */ = {
			isa = PBXVariantGroup;
			children = (
				03FCBA822F257FAB0040F3D7 /* en */,
			);
			name = Localizable.strings;
			sourceTree = "<group>";
		};
/* End PBXVariantGroup section */

/* Begin XCBuildConfiguration section */
		704D3E24951A0256C6454FA5 /* Debug */ = {
			isa = XCBuildConfiguration;
			buildSettings = {
				ASSETCATALOG_COMPILER_APPICON_NAME = LostInTranslations.icon;
				CODE_SIGN_ENTITLEMENTS = LostInTranslations/LostInTranslations.entitlements;
				CODE_SIGN_IDENTITY = "Apple Development";
				CODE_SIGN_STYLE = Automatic;
				COMBINE_HIDPI_IMAGES = YES;
				CURRENT_PROJECT_VERSION = 1;
				DEAD_CODE_STRIPPING = YES;
				DEVELOPMENT_TEAM = FWXSV2MP8Z;
				ENABLE_HARDENED_RUNTIME = YES;
				INFOPLIST_FILE = LostInTranslations/Info.plist;
				INFOPLIST_KEY_CFBundleDisplayName = "Lost in Translations";
				INFOPLIST_KEY_LSApplicationCategoryType = "public.app-category.utilities";
				LD_RUNPATH_SEARCH_PATHS = (
					"$(inherited)",
					"@executable_path/../Frameworks",
				);
				MACOSX_DEPLOYMENT_TARGET = 14.0;
				MARKETING_VERSION = 1.0.0;
				PRODUCT_BUNDLE_IDENTIFIER = com.skala.lostintranslations.app;
				PROVISIONING_PROFILE_SPECIFIER = "";
				SDKROOT = macosx;
			};
			name = Debug;
		};
		8B704AD5022FBD29AA5F95E5 /* Release */ = {
			isa = XCBuildConfiguration;
			buildSettings = {
				ALWAYS_SEARCH_USER_PATHS = NO;
				ASSETCATALOG_COMPILER_GENERATE_SWIFT_ASSET_SYMBOL_EXTENSIONS = YES;
				CLANG_ANALYZER_NONNULL = YES;
				CLANG_ANALYZER_NUMBER_OBJECT_CONVERSION = YES_AGGRESSIVE;
				CLANG_CXX_LANGUAGE_STANDARD = "gnu++14";
				CLANG_CXX_LIBRARY = "libc++";
				CLANG_ENABLE_MODULES = YES;
				CLANG_ENABLE_OBJC_ARC = YES;
				CLANG_ENABLE_OBJC_WEAK = YES;
				CLANG_WARN_BLOCK_CAPTURE_AUTORELEASING = YES;
				CLANG_WARN_BOOL_CONVERSION = YES;
				CLANG_WARN_COMMA = YES;
				CLANG_WARN_CONSTANT_CONVERSION = YES;
				CLANG_WARN_DEPRECATED_OBJC_IMPLEMENTATIONS = YES;
				CLANG_WARN_DIRECT_OBJC_ISA_USAGE = YES_ERROR;
				CLANG_WARN_DOCUMENTATION_COMMENTS = YES;
				CLANG_WARN_EMPTY_BODY = YES;
				CLANG_WARN_ENUM_CONVERSION = YES;
				CLANG_WARN_INFINITE_RECURSION = YES;
				CLANG_WARN_INT_CONVERSION = YES;
				CLANG_WARN_NON_LITERAL_NULL_CONVERSION = YES;
				CLANG_WARN_OBJC_IMPLICIT_RETAIN_SELF = YES;
				CLANG_WARN_OBJC_LITERAL_CONVERSION = YES;
				CLANG_WARN_OBJC_ROOT_CLASS = YES_ERROR;
				CLANG_WARN_QUOTED_INCLUDE_IN_FRAMEWORK_HEADER = YES;
				CLANG_WARN_RANGE_LOOP_ANALYSIS = YES;
				CLANG_WARN_STRICT_PROTOTYPES = YES;
				CLANG_WARN_SUSPICIOUS_MOVE = YES;
				CLANG_WARN_UNGUARDED_AVAILABILITY = YES_AGGRESSIVE;
				CLANG_WARN_UNREACHABLE_CODE = YES;
				CLANG_WARN__DUPLICATE_METHOD_MATCH = YES;
				COPY_PHASE_STRIP = NO;
				DEAD_CODE_STRIPPING = YES;
				DEBUG_INFORMATION_FORMAT = "dwarf-with-dsym";
				ENABLE_NS_ASSERTIONS = NO;
				ENABLE_STRICT_OBJC_MSGSEND = YES;
				ENABLE_USER_SCRIPT_SANDBOXING = YES;
				GCC_C_LANGUAGE_STANDARD = gnu11;
				GCC_NO_COMMON_BLOCKS = YES;
				GCC_WARN_64_TO_32_BIT_CONVERSION = YES;
				GCC_WARN_ABOUT_RETURN_TYPE = YES_ERROR;
				GCC_WARN_UNDECLARED_SELECTOR = YES;
				GCC_WARN_UNINITIALIZED_AUTOS = YES_AGGRESSIVE;
				GCC_WARN_UNUSED_FUNCTION = YES;
				GCC_WARN_UNUSED_VARIABLE = YES;
				MACOSX_DEPLOYMENT_TARGET = 14.0;
				MTL_ENABLE_DEBUG_INFO = NO;
				MTL_FAST_MATH = YES;
				PRODUCT_NAME = "$(TARGET_NAME)";
				SDKROOT = macosx;
				STRING_CATALOG_GENERATE_SYMBOLS = YES;
				SWIFT_COMPILATION_MODE = wholemodule;
				SWIFT_OPTIMIZATION_LEVEL = "-O";
				SWIFT_VERSION = 6.2;
			};
			name = Release;
		};
		9A5128DAF47023B6A14B149A /* Debug */ = {
			isa = XCBuildConfiguration;
			buildSettings = {
				BUNDLE_LOADER = "$(TEST_HOST)";
				COMBINE_HIDPI_IMAGES = YES;
				LD_RUNPATH_SEARCH_PATHS = (
					"$(inherited)",
					"@executable_path/../Frameworks",
					"@loader_path/../Frameworks",
				);
				MACOSX_DEPLOYMENT_TARGET = 14.0;
				PRODUCT_BUNDLE_IDENTIFIER = com.skala.lostintranslations.LostInTranslationsTests;
				SDKROOT = macosx;
				TEST_HOST = "$(BUILT_PRODUCTS_DIR)/LostInTranslations.app/Contents/MacOS/LostInTranslations";
			};
			name = Debug;
		};
		A5A4DDD5809F455FD2138730 /* Release */ = {
			isa = XCBuildConfiguration;
			buildSettings = {
				BUNDLE_LOADER = "$(TEST_HOST)";
				COMBINE_HIDPI_IMAGES = YES;
				LD_RUNPATH_SEARCH_PATHS = (
					"$(inherited)",
					"@executable_path/../Frameworks",
					"@loader_path/../Frameworks",
				);
				MACOSX_DEPLOYMENT_TARGET = 14.0;
				PRODUCT_BUNDLE_IDENTIFIER = com.skala.lostintranslations.LostInTranslationsTests;
				SDKROOT = macosx;
				TEST_HOST = "$(BUILT_PRODUCTS_DIR)/LostInTranslations.app/Contents/MacOS/LostInTranslations";
			};
			name = Release;
		};
		A950F3B23E128512119D8CB6 /* Release */ = {
			isa = XCBuildConfiguration;
			buildSettings = {
				ASSETCATALOG_COMPILER_APPICON_NAME = LostInTranslations.icon;
				CODE_SIGN_ENTITLEMENTS = LostInTranslations/LostInTranslations.entitlements;
				CODE_SIGN_IDENTITY = "Apple Development";
				CODE_SIGN_STYLE = Automatic;
				COMBINE_HIDPI_IMAGES = YES;
				CURRENT_PROJECT_VERSION = 1;
				DEAD_CODE_STRIPPING = YES;
				DEVELOPMENT_TEAM = FWXSV2MP8Z;
				ENABLE_HARDENED_RUNTIME = YES;
				INFOPLIST_FILE = LostInTranslations/Info.plist;
				INFOPLIST_KEY_CFBundleDisplayName = "Lost in Translations";
				INFOPLIST_KEY_LSApplicationCategoryType = "public.app-category.utilities";
				LD_RUNPATH_SEARCH_PATHS = (
					"$(inherited)",
					"@executable_path/../Frameworks",
				);
				MACOSX_DEPLOYMENT_TARGET = 14.0;
				MARKETING_VERSION = 1.0.0;
				PRODUCT_BUNDLE_IDENTIFIER = com.skala.lostintranslations.app;
				PROVISIONING_PROFILE_SPECIFIER = "";
				SDKROOT = macosx;
			};
			name = Release;
		};
		FD6EC8B2D55C068FF99D88C7 /* Debug */ = {
			isa = XCBuildConfiguration;
			buildSettings = {
				ALWAYS_SEARCH_USER_PATHS = NO;
				ASSETCATALOG_COMPILER_GENERATE_SWIFT_ASSET_SYMBOL_EXTENSIONS = YES;
				CLANG_ANALYZER_NONNULL = YES;
				CLANG_ANALYZER_NUMBER_OBJECT_CONVERSION = YES_AGGRESSIVE;
				CLANG_CXX_LANGUAGE_STANDARD = "gnu++14";
				CLANG_CXX_LIBRARY = "libc++";
				CLANG_ENABLE_MODULES = YES;
				CLANG_ENABLE_OBJC_ARC = YES;
				CLANG_ENABLE_OBJC_WEAK = YES;
				CLANG_WARN_BLOCK_CAPTURE_AUTORELEASING = YES;
				CLANG_WARN_BOOL_CONVERSION = YES;
				CLANG_WARN_COMMA = YES;
				CLANG_WARN_CONSTANT_CONVERSION = YES;
				CLANG_WARN_DEPRECATED_OBJC_IMPLEMENTATIONS = YES;
				CLANG_WARN_DIRECT_OBJC_ISA_USAGE = YES_ERROR;
				CLANG_WARN_DOCUMENTATION_COMMENTS = YES;
				CLANG_WARN_EMPTY_BODY = YES;
				CLANG_WARN_ENUM_CONVERSION = YES;
				CLANG_WARN_INFINITE_RECURSION = YES;
				CLANG_WARN_INT_CONVERSION = YES;
				CLANG_WARN_NON_LITERAL_NULL_CONVERSION = YES;
				CLANG_WARN_OBJC_IMPLICIT_RETAIN_SELF = YES;
				CLANG_WARN_OBJC_LITERAL_CONVERSION = YES;
				CLANG_WARN_OBJC_ROOT_CLASS = YES_ERROR;
				CLANG_WARN_QUOTED_INCLUDE_IN_FRAMEWORK_HEADER = YES;
				CLANG_WARN_RANGE_LOOP_ANALYSIS = YES;
				CLANG_WARN_STRICT_PROTOTYPES = YES;
				CLANG_WARN_SUSPICIOUS_MOVE = YES;
				CLANG_WARN_UNGUARDED_AVAILABILITY = YES_AGGRESSIVE;
				CLANG_WARN_UNREACHABLE_CODE = YES;
				CLANG_WARN__DUPLICATE_METHOD_MATCH = YES;
				COPY_PHASE_STRIP = NO;
				DEAD_CODE_STRIPPING = YES;
				DEBUG_INFORMATION_FORMAT = dwarf;
				ENABLE_STRICT_OBJC_MSGSEND = YES;
				ENABLE_TESTABILITY = YES;
				ENABLE_USER_SCRIPT_SANDBOXING = YES;
				GCC_C_LANGUAGE_STANDARD = gnu11;
				GCC_DYNAMIC_NO_PIC = NO;
				GCC_NO_COMMON_BLOCKS = YES;
				GCC_OPTIMIZATION_LEVEL = 0;
				GCC_PREPROCESSOR_DEFINITIONS = (
					"$(inherited)",
					"DEBUG=1",
				);
				GCC_WARN_64_TO_32_BIT_CONVERSION = YES;
				GCC_WARN_ABOUT_RETURN_TYPE = YES_ERROR;
				GCC_WARN_UNDECLARED_SELECTOR = YES;
				GCC_WARN_UNINITIALIZED_AUTOS = YES_AGGRESSIVE;
				GCC_WARN_UNUSED_FUNCTION = YES;
				GCC_WARN_UNUSED_VARIABLE = YES;
				MACOSX_DEPLOYMENT_TARGET = 14.0;
				MTL_ENABLE_DEBUG_INFO = INCLUDE_SOURCE;
				MTL_FAST_MATH = YES;
				ONLY_ACTIVE_ARCH = YES;
				PRODUCT_NAME = "$(TARGET_NAME)";
				SDKROOT = macosx;
				STRING_CATALOG_GENERATE_SYMBOLS = YES;
				SWIFT_ACTIVE_COMPILATION_CONDITIONS = DEBUG;
				SWIFT_OPTIMIZATION_LEVEL = "-Onone";
				SWIFT_VERSION = 6.2;
			};
			name = Debug;
		};
/* End XCBuildConfiguration section */

/* Begin XCConfigurationList section */
		250CB0350E8CCED0AE1524D6 /* Build configuration list for PBXNativeTarget "LostInTranslationsTests" */ = {
			isa = XCConfigurationList;
			buildConfigurations = (
				9A5128DAF47023B6A14B149A /* Debug */,
				A5A4DDD5809F455FD2138730 /* Release */,
			);
			defaultConfigurationIsVisible = 0;
			defaultConfigurationName = Debug;
		};
		C25667758D17A96DD44E95FE /* Build configuration list for PBXNativeTarget "LostInTranslations" */ = {
			isa = XCConfigurationList;
			buildConfigurations = (
				704D3E24951A0256C6454FA5 /* Debug */,
				A950F3B23E128512119D8CB6 /* Release */,
			);
			defaultConfigurationIsVisible = 0;
			defaultConfigurationName = Debug;
		};
		F5B8DA679E11A08B89C127F7 /* Build configuration list for PBXProject "LostInTranslations" */ = {
			isa = XCConfigurationList;
			buildConfigurations = (
				FD6EC8B2D55C068FF99D88C7 /* Debug */,
				8B704AD5022FBD29AA5F95E5 /* Release */,
			);
			defaultConfigurationIsVisible = 0;
			defaultConfigurationName = Debug;
		};
/* End XCConfigurationList section */
	};
	rootObject = F32E29CA204D8A4970DB8BF2 /* Project object */;
}
